// !$*UTF8*$!
{
	archiveVersion = 1;
	classes = {
	};
	objectVersion = 46;
	objects = {

/* Begin PBXBuildFile section */
		FCB557AA1AA425E600512B3E /* AppDelegate.swift in Sources */ = {isa = PBXBuildFile; fileRef = FCB557A91AA425E600512B3E /* AppDelegate.swift */; };
		FCB557AC1AA425E600512B3E /* ViewController.swift in Sources */ = {isa = PBXBuildFile; fileRef = FCB557AB1AA425E600512B3E /* ViewController.swift */; };
		FCB557AF1AA425E600512B3E /* Main.storyboard in Resources */ = {isa = PBXBuildFile; fileRef = FCB557AD1AA425E600512B3E /* Main.storyboard */; };
		FCB557B11AA425E600512B3E /* Images.xcassets in Resources */ = {isa = PBXBuildFile; fileRef = FCB557B01AA425E600512B3E /* Images.xcassets */; };
		FCB557B41AA425E600512B3E /* LaunchScreen.xib in Resources */ = {isa = PBXBuildFile; fileRef = FCB557B21AA425E600512B3E /* LaunchScreen.xib */; };
		FCB557C01AA425E600512B3E /* _402Tests.swift in Sources */ = {isa = PBXBuildFile; fileRef = FCB557BF1AA425E600512B3E /* _402Tests.swift */; };
/* End PBXBuildFile section */

/* Begin PBXContainerItemProxy section */
		FCB557BA1AA425E600512B3E /* PBXContainerItemProxy */ = {
			isa = PBXContainerItemProxy;
			containerPortal = FCB5579C1AA425E600512B3E /* Project object */;
			proxyType = 1;
			remoteGlobalIDString = FCB557A31AA425E600512B3E;
			remoteInfo = 8402;
		};
/* End PBXContainerItemProxy section */

/* Begin PBXFileReference section */
		FCB557A41AA425E600512B3E /* 8402.app */ = {isa = PBXFileReference; explicitFileType = wrapper.application; includeInIndex = 0; path = 8402.app; sourceTree = BUILT_PRODUCTS_DIR; };
		FCB557A81AA425E600512B3E /* Info.plist */ = {isa = PBXFileReference; lastKnownFileType = text.plist.xml; path = Info.plist; sourceTree = "<group>"; };
		FCB557A91AA425E600512B3E /* AppDelegate.swift */ = {isa = PBXFileReference; lastKnownFileType = sourcecode.swift; path = AppDelegate.swift; sourceTree = "<group>"; };
		FCB557AB1AA425E600512B3E /* ViewController.swift */ = {isa = PBXFileReference; lastKnownFileType = sourcecode.swift; path = ViewController.swift; sourceTree = "<group>"; };
		FCB557AE1AA425E600512B3E /* Base */ = {isa = PBXFileReference; lastKnownFileType = file.storyboard; name = Base; path = Base.lproj/Main.storyboard; sourceTree = "<group>"; };
		FCB557B01AA425E600512B3E /* Images.xcassets */ = {isa = PBXFileReference; lastKnownFileType = folder.assetcatalog; path = Images.xcassets; sourceTree = "<group>"; };
		FCB557B31AA425E600512B3E /* Base */ = {isa = PBXFileReference; lastKnownFileType = file.xib; name = Base; path = Base.lproj/LaunchScreen.xib; sourceTree = "<group>"; };
		FCB557B91AA425E600512B3E /* 8402Tests.xctest */ = {isa = PBXFileReference; explicitFileType = wrapper.cfbundle; includeInIndex = 0; path = 8402Tests.xctest; sourceTree = BUILT_PRODUCTS_DIR; };
		FCB557BE1AA425E600512B3E /* Info.plist */ = {isa = PBXFileReference; lastKnownFileType = text.plist.xml; path = Info.plist; sourceTree = "<group>"; };
		FCB557BF1AA425E600512B3E /* _402Tests.swift */ = {isa = PBXFileReference; lastKnownFileType = sourcecode.swift; path = _402Tests.swift; sourceTree = "<group>"; };
/* End PBXFileReference section */

/* Begin PBXFrameworksBuildPhase section */
		FCB557A11AA425E600512B3E /* Frameworks */ = {
			isa = PBXFrameworksBuildPhase;
			buildActionMask = 2147483647;
			files = (
			);
			runOnlyForDeploymentPostprocessing = 0;
		};
		FCB557B61AA425E600512B3E /* Frameworks */ = {
			isa = PBXFrameworksBuildPhase;
			buildActionMask = 2147483647;
			files = (
			);
			runOnlyForDeploymentPostprocessing = 0;
		};
/* End PBXFrameworksBuildPhase section */

/* Begin PBXGroup section */
		FCB5579B1AA425E600512B3E = {
			isa = PBXGroup;
			children = (
				FCB557A61AA425E600512B3E /* 8402 */,
				FCB557BC1AA425E600512B3E /* 8402Tests */,
				FCB557A51AA425E600512B3E /* Products */,
			);
			sourceTree = "<group>";
		};
		FCB557A51AA425E600512B3E /* Products */ = {
			isa = PBXGroup;
			children = (
				FCB557A41AA425E600512B3E /* 8402.app */,
				FCB557B91AA425E600512B3E /* 8402Tests.xctest */,
			);
			name = Products;
			sourceTree = "<group>";
		};
		FCB557A61AA425E600512B3E /* 8402 */ = {
			isa = PBXGroup;
			children = (
				FCB557A91AA425E600512B3E /* AppDelegate.swift */,
				FCB557AB1AA425E600512B3E /* ViewController.swift */,
				FCB557AD1AA425E600512B3E /* Main.storyboard */,
				FCB557B01AA425E600512B3E /* Images.xcassets */,
				FCB557B21AA425E600512B3E /* LaunchScreen.xib */,
				FCB557A71AA425E600512B3E /* Supporting Files */,
			);
			path = 8402;
			sourceTree = "<group>";
		};
		FCB557A71AA425E600512B3E /* Supporting Files */ = {
			isa = PBXGroup;
			children = (
				FCB557A81AA425E600512B3E /* Info.plist */,
			);
			name = "Supporting Files";
			sourceTree = "<group>";
		};
		FCB557BC1AA425E600512B3E /* 8402Tests */ = {
			isa = PBXGroup;
			children = (
				FCB557BF1AA425E600512B3E /* _402Tests.swift */,
				FCB557BD1AA425E600512B3E /* Supporting Files */,
			);
			path = 8402Tests;
			sourceTree = "<group>";
		};
		FCB557BD1AA425E600512B3E /* Supporting Files */ = {
			isa = PBXGroup;
			children = (
				FCB557BE1AA425E600512B3E /* Info.plist */,
			);
			name = "Supporting Files";
			sourceTree = "<group>";
		};
/* End PBXGroup section */

/* Begin PBXNativeTarget section */
		FCB557A31AA425E600512B3E /* 8402 */ = {
			isa = PBXNativeTarget;
			buildConfigurationList = FCB557C31AA425E600512B3E /* Build configuration list for PBXNativeTarget "8402" */;
			buildPhases = (
				FCB557A01AA425E600512B3E /* Sources */,
				FCB557A11AA425E600512B3E /* Frameworks */,
				FCB557A21AA425E600512B3E /* Resources */,
			);
			buildRules = (
			);
			dependencies = (
			);
			name = 8402;
			productName = 8402;
			productReference = FCB557A41AA425E600512B3E /* 8402.app */;
			productType = "com.apple.product-type.application";
		};
		FCB557B81AA425E600512B3E /* 8402Tests */ = {
			isa = PBXNativeTarget;
			buildConfigurationList = FCB557C61AA425E600512B3E /* Build configuration list for PBXNativeTarget "8402Tests" */;
			buildPhases = (
				FCB557B51AA425E600512B3E /* Sources */,
				FCB557B61AA425E600512B3E /* Frameworks */,
				FCB557B71AA425E600512B3E /* Resources */,
			);
			buildRules = (
			);
			dependencies = (
				FCB557BB1AA425E600512B3E /* PBXTargetDependency */,
			);
			name = 8402Tests;
			productName = 8402Tests;
			productReference = FCB557B91AA425E600512B3E /* 8402Tests.xctest */;
			productType = "com.apple.product-type.bundle.unit-test";
		};
/* End PBXNativeTarget section */

/* Begin PBXProject section */
		FCB5579C1AA425E600512B3E /* Project object */ = {
			isa = PBXProject;
			attributes = {
				LastUpgradeCheck = 0610;
				ORGANIZATIONNAME = "Ethan Lillie";
				TargetAttributes = {
					FCB557A31AA425E600512B3E = {
						CreatedOnToolsVersion = 6.1.1;
					};
					FCB557B81AA425E600512B3E = {
						CreatedOnToolsVersion = 6.1.1;
						TestTargetID = FCB557A31AA425E600512B3E;
					};
				};
			};
			buildConfigurationList = FCB5579F1AA425E600512B3E /* Build configuration list for PBXProject "8402" */;
			compatibilityVersion = "Xcode 3.2";
			developmentRegion = English;
			hasScannedForEncodings = 0;
			knownRegions = (
				en,
				Base,
			);
			mainGroup = FCB5579B1AA425E600512B3E;
			productRefGroup = FCB557A51AA425E600512B3E /* Products */;
			projectDirPath = "";
			projectRoot = "";
			targets = (
				FCB557A31AA425E600512B3E /* 8402 */,
				FCB557B81AA425E600512B3E /* 8402Tests */,
			);
		};
/* End PBXProject section */

/* Begin PBXResourcesBuildPhase section */
		FCB557A21AA425E600512B3E /* Resources */ = {
			isa = PBXResourcesBuildPhase;
			buildActionMask = 2147483647;
			files = (
				FCB557AF1AA425E600512B3E /* Main.storyboard in Resources */,
				FCB557B41AA425E600512B3E /* LaunchScreen.xib in Resources */,
				FCB557B11AA425E600512B3E /* Images.xcassets in Resources */,
			);
			runOnlyForDeploymentPostprocessing = 0;
		};
		FCB557B71AA425E600512B3E /* Resources */ = {
			isa = PBXResourcesBuildPhase;
			buildActionMask = 2147483647;
			files = (
			);
			runOnlyForDeploymentPostprocessing = 0;
		};
/* End PBXResourcesBuildPhase section */

/* Begin PBXSourcesBuildPhase section */
		FCB557A01AA425E600512B3E /* Sources */ = {
			isa = PBXSourcesBuildPhase;
			buildActionMask = 2147483647;
			files = (
				FCB557AC1AA425E600512B3E /* ViewController.swift in Sources */,
				FCB557AA1AA425E600512B3E /* AppDelegate.swift in Sources */,
			);
			runOnlyForDeploymentPostprocessing = 0;
		};
		FCB557B51AA425E600512B3E /* Sources */ = {
			isa = PBXSourcesBuildPhase;
			buildActionMask = 2147483647;
			files = (
				FCB557C01AA425E600512B3E /* _402Tests.swift in Sources */,
			);
			runOnlyForDeploymentPostprocessing = 0;
		};
/* End PBXSourcesBuildPhase section */

/* Begin PBXTargetDependency section */
		FCB557BB1AA425E600512B3E /* PBXTargetDependency */ = {
			isa = PBXTargetDependency;
			target = FCB557A31AA425E600512B3E /* 8402 */;
			targetProxy = FCB557BA1AA425E600512B3E /* PBXContainerItemProxy */;
		};
/* End PBXTargetDependency section */

/* Begin PBXVariantGroup section */
		FCB557AD1AA425E600512B3E /* Main.storyboard */ = {
			isa = PBXVariantGroup;
			children = (
				FCB557AE1AA425E600512B3E /* Base */,
			);
			name = Main.storyboard;
			sourceTree = "<group>";
		};
		FCB557B21AA425E600512B3E /* LaunchScreen.xib */ = {
			isa = PBXVariantGroup;
			children = (
				FCB557B31AA425E600512B3E /* Base */,
			);
			name = LaunchScreen.xib;
			sourceTree = "<group>";
		};
/* End PBXVariantGroup section */

/* Begin XCBuildConfiguration section */
		FCB557C11AA425E600512B3E /* Debug */ = {
			isa = XCBuildConfiguration;
			buildSettings = {
				ALWAYS_SEARCH_USER_PATHS = NO;
				CLANG_CXX_LANGUAGE_STANDARD = "gnu++0x";
				CLANG_CXX_LIBRARY = "libc++";
				CLANG_ENABLE_MODULES = YES;
				CLANG_ENABLE_OBJC_ARC = YES;
				CLANG_WARN_BOOL_CONVERSION = YES;
				CLANG_WARN_CONSTANT_CONVERSION = YES;
				CLANG_WARN_DIRECT_OBJC_ISA_USAGE = YES_ERROR;
				CLANG_WARN_EMPTY_BODY = YES;
				CLANG_WARN_ENUM_CONVERSION = YES;
				CLANG_WARN_INT_CONVERSION = YES;
				CLANG_WARN_OBJC_ROOT_CLASS = YES_ERROR;
				CLANG_WARN_UNREACHABLE_CODE = YES;
				CLANG_WARN__DUPLICATE_METHOD_MATCH = YES;
				"CODE_SIGN_IDENTITY[sdk=iphoneos*]" = "iPhone Developer";
				COPY_PHASE_STRIP = NO;
				ENABLE_STRICT_OBJC_MSGSEND = YES;
				GCC_C_LANGUAGE_STANDARD = gnu99;
				GCC_DYNAMIC_NO_PIC = NO;
				GCC_OPTIMIZATION_LEVEL = 0;
				GCC_PREPROCESSOR_DEFINITIONS = (
					"DEBUG=1",
					"$(inherited)",
				);
				GCC_SYMBOLS_PRIVATE_EXTERN = NO;
				GCC_WARN_64_TO_32_BIT_CONVERSION = YES;
				GCC_WARN_ABOUT_RETURN_TYPE = YES_ERROR;
				GCC_WARN_UNDECLARED_SELECTOR = YES;
				GCC_WARN_UNINITIALIZED_AUTOS = YES_AGGRESSIVE;
				GCC_WARN_UNUSED_FUNCTION = YES;
				GCC_WARN_UNUSED_VARIABLE = YES;
				IPHONEOS_DEPLOYMENT_TARGET = 8.1;
				MTL_ENABLE_DEBUG_INFO = YES;
				ONLY_ACTIVE_ARCH = YES;
				SDKROOT = iphoneos;
				SWIFT_OPTIMIZATION_LEVEL = "-Onone";
			};
			name = Debug;
		};
		FCB557C21AA425E600512B3E /* Release */ = {
			isa = XCBuildConfiguration;
			buildSettings = {
				ALWAYS_SEARCH_USER_PATHS = NO;
				CLANG_CXX_LANGUAGE_STANDARD = "gnu++0x";
				CLANG_CXX_LIBRARY = "libc++";
				CLANG_ENABLE_MODULES = YES;
				CLANG_ENABLE_OBJC_ARC = YES;
				CLANG_WARN_BOOL_CONVERSION = YES;
				CLANG_WARN_CONSTANT_CONVERSION = YES;
				CLANG_WARN_DIRECT_OBJC_ISA_USAGE = YES_ERROR;
				CLANG_WARN_EMPTY_BODY = YES;
				CLANG_WARN_ENUM_CONVERSION = YES;
				CLANG_WARN_INT_CONVERSION = YES;
				CLANG_WARN_OBJC_ROOT_CLASS = YES_ERROR;
				CLANG_WARN_UNREACHABLE_CODE = YES;
				CLANG_WARN__DUPLICATE_METHOD_MATCH = YES;
				"CODE_SIGN_IDENTITY[sdk=iphoneos*]" = "iPhone Developer";
				COPY_PHASE_STRIP = YES;
				ENABLE_NS_ASSERTIONS = NO;
				ENABLE_STRICT_OBJC_MSGSEND = YES;
				GCC_C_LANGUAGE_STANDARD = gnu99;
				GCC_WARN_64_TO_32_BIT_CONVERSION = YES;
				GCC_WARN_ABOUT_RETURN_TYPE = YES_ERROR;
				GCC_WARN_UNDECLARED_SELECTOR = YES;
				GCC_WARN_UNINITIALIZED_AUTOS = YES_AGGRESSIVE;
				GCC_WARN_UNUSED_FUNCTION = YES;
				GCC_WARN_UNUSED_VARIABLE = YES;
				IPHONEOS_DEPLOYMENT_TARGET = 8.1;
				MTL_ENABLE_DEBUG_INFO = NO;
				SDKROOT = iphoneos;
				VALIDATE_PRODUCT = YES;
			};
			name = Release;
		};
		FCB557C41AA425E600512B3E /* Debug */ = {
			isa = XCBuildConfiguration;
			buildSettings = {
				ASSETCATALOG_COMPILER_APPICON_NAME = AppIcon;
				INFOPLIST_FILE = 8402/Info.plist;
				LD_RUNPATH_SEARCH_PATHS = "$(inherited) @executable_path/Frameworks";
				PRODUCT_NAME = "$(TARGET_NAME)";
			};
			name = Debug;
		};
		FCB557C51AA425E600512B3E /* Release */ = {
			isa = XCBuildConfiguration;
			buildSettings = {
				ASSETCATALOG_COMPILER_APPICON_NAME = AppIcon;
				INFOPLIST_FILE = 8402/Info.plist;
				LD_RUNPATH_SEARCH_PATHS = "$(inherited) @executable_path/Frameworks";
				PRODUCT_NAME = "$(TARGET_NAME)";
			};
			name = Release;
		};
		FCB557C71AA425E600512B3E /* Debug */ = {
			isa = XCBuildConfiguration;
			buildSettings = {
				BUNDLE_LOADER = "$(TEST_HOST)";
				FRAMEWORK_SEARCH_PATHS = (
					"$(SDKROOT)/Developer/Library/Frameworks",
					"$(inherited)",
				);
				GCC_PREPROCESSOR_DEFINITIONS = (
					"DEBUG=1",
					"$(inherited)",
				);
				INFOPLIST_FILE = 8402Tests/Info.plist;
				LD_RUNPATH_SEARCH_PATHS = "$(inherited) @executable_path/Frameworks @loader_path/Frameworks";
				PRODUCT_NAME = "$(TARGET_NAME)";
				TEST_HOST = "$(BUILT_PRODUCTS_DIR)/8402.app/8402";
			};
			name = Debug;
		};
		FCB557C81AA425E600512B3E /* Release */ = {
			isa = XCBuildConfiguration;
			buildSettings = {
				BUNDLE_LOADER = "$(TEST_HOST)";
				FRAMEWORK_SEARCH_PATHS = (
					"$(SDKROOT)/Developer/Library/Frameworks",
					"$(inherited)",
				);
				INFOPLIST_FILE = 8402Tests/Info.plist;
				LD_RUNPATH_SEARCH_PATHS = "$(inherited) @executable_path/Frameworks @loader_path/Frameworks";
				PRODUCT_NAME = "$(TARGET_NAME)";
				TEST_HOST = "$(BUILT_PRODUCTS_DIR)/8402.app/8402";
			};
			name = Release;
		};
/* End XCBuildConfiguration section */

/* Begin XCConfigurationList section */
		FCB5579F1AA425E600512B3E /* Build configuration list for PBXProject "8402" */ = {
			isa = XCConfigurationList;
			buildConfigurations = (
				FCB557C11AA425E600512B3E /* Debug */,
				FCB557C21AA425E600512B3E /* Release */,
			);
			defaultConfigurationIsVisible = 0;
			defaultConfigurationName = Release;
		};
		FCB557C31AA425E600512B3E /* Build configuration list for PBXNativeTarget "8402" */ = {
			isa = XCConfigurationList;
			buildConfigurations = (
				FCB557C41AA425E600512B3E /* Debug */,
				FCB557C51AA425E600512B3E /* Release */,
			);
			defaultConfigurationIsVisible = 0;
		};
		FCB557C61AA425E600512B3E /* Build configuration list for PBXNativeTarget "8402Tests" */ = {
			isa = XCConfigurationList;
			buildConfigurations = (
				FCB557C71AA425E600512B3E /* Debug */,
				FCB557C81AA425E600512B3E /* Release */,
			);
			defaultConfigurationIsVisible = 0;
		};
/* End XCConfigurationList section */
	};
	rootObject = FCB5579C1AA425E600512B3E /* Project object */;
}
